<?xml version="1.0" encoding="utf-8"?>
<Project ToolsVersion="4.0" xmlns="http://schemas.microsoft.com/developer/msbuild/2003">
  <ItemGroup>
    <Filter Include="Source Files">
      <UniqueIdentifier>{4FC737F1-C7A5-4376-A066-2A32D752A2FF}</UniqueIdentifier>
      <Extensions>cpp;c;cc;cxx;c++;cppm;ixx;def;odl;idl;hpj;bat;asm;asmx</Extensions>
    </Filter>
    <Filter Include="Header Files">
      <UniqueIdentifier>{93995380-89BD-4b04-88EB-625FBE52EBFB}</UniqueIdentifier>
      <Extensions>h;hh;hpp;hxx;h++;hm;inl;inc;ipp;xsd</Extensions>
    </Filter>
    <Filter Include="Data Structures">
      <UniqueIdentifier>{f35a83c0-82af-4547-b743-ea693c0bdab3}</UniqueIdentifier>
    </Filter>
    <Filter Include="Resource Files">
      <UniqueIdentifier>{67DA6AB6-F800-4c08-8B7A-83BB121AAD01}</UniqueIdentifier>
      <Extensions>rc;ico;cur;bmp;dlg;rc2;rct;bin;rgs;gif;jpg;jpeg;jpe;resx;tiff;tif;png;wav;mfcribbon-ms</Extensions>
    </Filter>
  </ItemGroup>
  <ItemGroup>
    <ClInclude Include="LinkedList.h">
      <Filter>Data Structures</Filter>
    </ClInclude>
    <ClInclude Include="LinkedListADT.h">
      <Filter>Data Structures</Filter>
    </ClInclude>
    <ClInclude Include="LinkedQueue.h">
      <Filter>Data Structures</Filter>
    </ClInclude>
    <ClInclude Include="LinkedQueueADT.h">
      <Filter>Data Structures</Filter>
    </ClInclude>
    <ClInclude Include="LinkedSortedList.h">
      <Filter>Data Structures</Filter>
    </ClInclude>
    <ClInclude Include="Node.h">
      <Filter>Data Structures</Filter>
    </ClInclude>
    <ClInclude Include="PrioNode.h">
      <Filter>Data Structures</Filter>
    </ClInclude>
    <ClInclude Include="SL_PriorityQueue.h">
      <Filter>Data Structures</Filter>
    </ClInclude>
    <ClInclude Include="FCFS.h">
      <Filter>Header Files</Filter>
    </ClInclude>
    <ClInclude Include="Processor.h">
      <Filter>Header Files</Filter>
    </ClInclude>
    <ClInclude Include="Process.h">
      <Filter>Header Files</Filter>
    </ClInclude>
    <ClInclude Include="SJF.h">
      <Filter>Header Files</Filter>
    </ClInclude>
    <ClInclude Include="Scheduler.h">
      <Filter>Header Files</Filter>
    </ClInclude>
    <ClInclude Include="UI.h">
      <Filter>Header Files</Filter>
    </ClInclude>
    <ClInclude Include="RR.h">
      <Filter>Header Files</Filter>
    </ClInclude>
    <ClInclude Include="NodeBT.h">
      <Filter>Data Structures</Filter>
    </ClInclude>
    <ClInclude Include="BTree.h">
      <Filter>Data Structures</Filter>
    </ClInclude>
  </ItemGroup>
  <ItemGroup>
    <ClCompile Include="FCFS.cpp">
      <Filter>Header Files</Filter>
    </ClCompile>
    <ClCompile Include="SJF.cpp">
      <Filter>Header Files</Filter>
    </ClCompile>
    <ClCompile Include="Process.cpp">
      <Filter>Header Files</Filter>
    </ClCompile>
    <ClCompile Include="Processor.cpp">
      <Filter>Header Files</Filter>
    </ClCompile>
    <ClCompile Include="RR.cpp">
      <Filter>Header Files</Filter>
    </ClCompile>
    <ClCompile Include="Scheduler.cpp">
      <Filter>Header Files</Filter>
    </ClCompile>
    <ClCompile Include="UI.cpp">
      <Filter>Header Files</Filter>
    </ClCompile>
    <ClCompile Include="main.cpp">
      <Filter>Source Files</Filter>
    </ClCompile>
  </ItemGroup>
</Project>